
Microsoft Visual Studio Solution File, Format Version 12.00
# Visual Studio Version 16
VisualStudioVersion = 16.0.31019.35
MinimumVisualStudioVersion = 10.0.40219.1
Project("{2150E333-8FDC-42A3-9474-1A3956D46DE8}") = "Solution Items", "Solution Items", "{172CB8F7-C4A7-4979-8D50-486360CBEBD7}"
EndProject
Project("{9A19103F-16F7-4668-BE54-9A1E7A4F7556}") = "MyBooks", "MyBooks\MyBooks.csproj", "{718124F8-2350-48E1-85A4-BAA982C779B7}"
EndProject
Project("{9A19103F-16F7-4668-BE54-9A1E7A4F7556}") = "MyBooks.Entity", "MyBooks.Entity\MyBooks.Entity.csproj", "{8AB2E762-19C8-40C5-9947-3ABA0E188E7E}"
EndProject
Project("{9A19103F-16F7-4668-BE54-9A1E7A4F7556}") = "MyBooks.Data", "MyBooks.Data\MyBooks.Data.csproj", "{78C5E2FF-6D73-479B-81B5-2E49CE327142}"
EndProject
Global
	GlobalSection(SolutionConfigurationPlatforms) = preSolution
		Debug|Any CPU = Debug|Any CPU
		Release|Any CPU = Release|Any CPU
	EndGlobalSection
	GlobalSection(ProjectConfigurationPlatforms) = postSolution
		{718124F8-2350-48E1-85A4-BAA982C779B7}.Debug|Any CPU.ActiveCfg = Debug|Any CPU
		{718124F8-2350-48E1-85A4-BAA982C779B7}.Debug|Any CPU.Build.0 = Debug|Any CPU
		{718124F8-2350-48E1-85A4-BAA982C779B7}.Release|Any CPU.ActiveCfg = Release|Any CPU
		{718124F8-2350-48E1-85A4-BAA982C779B7}.Release|Any CPU.Build.0 = Release|Any CPU
		{8AB2E762-19C8-40C5-9947-3ABA0E188E7E}.Debug|Any CPU.ActiveCfg = Debug|Any CPU
		{8AB2E762-19C8-40C5-9947-3ABA0E188E7E}.Debug|Any CPU.Build.0 = Debug|Any CPU
		{8AB2E762-19C8-40C5-9947-3ABA0E188E7E}.Release|Any CPU.ActiveCfg = Release|Any CPU
		{8AB2E762-19C8-40C5-9947-3ABA0E188E7E}.Release|Any CPU.Build.0 = Release|Any CPU
		{78C5E2FF-6D73-479B-81B5-2E49CE327142}.Debug|Any CPU.ActiveCfg = Debug|Any CPU
		{78C5E2FF-6D73-479B-81B5-2E49CE327142}.Debug|Any CPU.Build.0 = Debug|Any CPU
		{78C5E2FF-6D73-479B-81B5-2E49CE327142}.Release|Any CPU.ActiveCfg = Release|Any CPU
		{78C5E2FF-6D73-479B-81B5-2E49CE327142}.Release|Any CPU.Build.0 = Release|Any CPU
	EndGlobalSection
	GlobalSection(SolutionProperties) = preSolution
		HideSolutionNode = FALSE
	EndGlobalSection
	GlobalSection(ExtensibilityGlobals) = postSolution
		SolutionGuid = {4409E046-B649-48C4-B26D-17D30D903D9E}
	EndGlobalSection
EndGlobal
